{
  "nodes": {
    "crane": {
      "locked": {
        "lastModified": 1789760033,
        "narHash": "sha256-jtT4yxZpR8seYnlCMMWSSPlFN92zO6ICuZ8pJrmi86k=",
        "owner": "ipetkov",
        "repo": "crane",
        "rev": "73b980519cefc727a5f6cc8e5c0947a2f9be6edd",
        "type": "github"
      },
      "original": {
        "owner": "ipetkov",
        "repo": "crane",
        "type": "github"
      }
    },
    "lez-src": {
      "flake": false,
      "locked": {
        "lastModified": 1790727166,
        "narHash": "sha256-TdYNTXr7tLwq0j7eac8shLcrkDUO7L4TOebhSbbg+p0=",
        "owner": "logos-blockchain",
        "repo": "logos-execution-zone",
        "rev": "db66590ab821a4e142c211017a3866d007f6fa77",
        "type": "github"
      },
      "original": {
        "owner": "logos-blockchain",
        "repo": "logos-execution-zone",
        "rev": "db66590ab821a4e142c211017a3866d007f6fa77",
        "type": "github"
      }
    },
    "logos-blockchain-circuits": {
      "inputs": {
        "nixpkgs": "nixpkgs"
      },
      "locked": {
        "lastModified": 1781004244,
        "narHash": "sha256-zd4XYY+HPOMJXigHQDmXDvt7D1988YNPUwPPznhpFdA=",
        "owner": "logos-blockchain",
        "repo": "logos-blockchain-circuits",
        "rev": "2846ee7a4cfa24458bb8063412ab2e753b344d2f",
        "type": "github"
      },
      "original": {
        "owner": "logos-blockchain",
        "repo": "logos-blockchain-circuits",
        "rev": "2846ee7a4cfa24458bb8063412ab2e753b344d2f",
        "type": "github"
      }
    },
    "logos-nix": {
      "inputs": {
        "nixpkgs": "nixpkgs_2",
        "nixpkgs-windows": "nixpkgs-windows"
      },
      "locked": {
        "lastModified": 1789054121,
        "narHash": "sha256-EOG96lY4KnZadh2lczZFMPnfPP9tWXdWt1p1CP8Gvww=",
        "owner": "logos-co",
        "repo": "logos-nix",
        "rev": "7c1eb8bc390546f32aaf134866a1c7db8e9311cc",
        "type": "github"
      },
      "original": {
        "owner": "logos-co",
        "repo": "logos-nix",
        "type": "github"
      }
    },
    "nixpkgs": {
      "locked": {
        "lastModified": 1767313136,
        "narHash": "sha256-16KkgfdYqjaeRGBaYsNrhPRRENs0qzkQVUooNHtoy2w=",
        "owner": "NixOS",
        "repo": "nixpkgs",
        "rev": "ac62194c3917d5f474c1a844b6fd6da2db95077d",
        "type": "github"
      },
      "original": {
        "owner": "NixOS",
        "ref": "nixos-25.05",
        "repo": "nixpkgs",
        "type": "github"
      }
    },
    "nixpkgs-windows": {
      "locked": {
        "lastModified": 1782723713,
        "narHash": "sha256-oPXCU/SSUokcGaJREHibG1CBX3+s/W7orDWQOZDsEeQ=",
        "owner": "NixOS",
        "repo": "nixpkgs",
        "rev": "b5aa0fbd538984f6e3d201be0005b4463d8b09f8",
        "type": "github"
      },
      "original": {
        "owner": "NixOS",
        "repo": "nixpkgs",
        "rev": "b5aa0fbd538984f6e3d201be0005b4463d8b09f8",
        "type": "github"
      }
    },
    "nixpkgs_2": {
      "locked": {
        "lastModified": 1759036355,
        "narHash": "sha256-0m27AKv6ka+q270dw48KflE0LwQYrO7Fm4/2//KCVWg=",
        "owner": "NixOS",
        "repo": "nixpkgs",
        "rev": "e9f00bd893984bc8ce46c895c3bf7cac95331127",
        "type": "github"
      },
      "original": {
        "owner": "NixOS",
        "ref": "nixos-unstable",
        "repo": "nixpkgs",
        "type": "github"
      }
    },
    "nixpkgs_3": {
      "locked": {
        "lastModified": 1767313136,
        "narHash": "sha256-16KkgfdYqjaeRGBaYsNrhPRRENs0qzkQVUooNHtoy2w=",
        "owner": "NixOS",
        "repo": "nixpkgs",
        "rev": "ac62194c3917d5f474c1a844b6fd6da2db95077d",
        "type": "github"
      },
      "original": {
        "owner": "NixOS",
        "ref": "nixos-25.05",
        "repo": "nixpkgs",
        "type": "github"
      }
    },
    "root": {
      "inputs": {
        "crane": "crane",
        "lez-src": "lez-src",
        "logos-blockchain-circuits": "logos-blockchain-circuits",
        "logos-nix": "logos-nix",
        "nixpkgs": [
          "logos-nix",
          "nixpkgs"
        ],
        "rust-overlay": "rust-overlay",
        "rust-rapidsnark": "rust-rapidsnark"
      }
    },
    "rust-overlay": {
      "inputs": {
        "nixpkgs": [
          "nixpkgs"
        ]
      },
      "locked": {
        "lastModified": 1790407471,
        "narHash": "sha256-M8elY2UShg4ZuLTiRLEHO+ae5xQFp3/ReQdxp/R+1UU=",
        "owner": "oxalica",
        "repo": "rust-overlay",
        "rev": "4e9bb05a9ab6c37dc74c22974ebed6e36dc73eb2",
        "type": "github"
      },
      "original": {
        "owner": "oxalica",
        "repo": "rust-overlay",
        "type": "github"
      }
    },
    "rust-rapidsnark": {
      "inputs": {
        "nixpkgs": "nixpkgs_3"
      },
      "locked": {
        "lastModified": 1781090841,
        "narHash": "sha256-A1wVkHRw3/xpV30JUgWxvfW5PgcyrxQxk7b4So5vXNs=",
        "owner": "logos-blockchain",
        "repo": "logos-blockchain-rust-rapidsnark",
        "rev": "e91187f8ccb5bbfc7bb00dac88169112428da78f",
        "type": "github"
      },
      "original": {
        "owner": "logos-blockchain",
        "repo": "logos-blockchain-rust-rapidsnark",
        "rev": "e91187f8ccb5bbfc7bb00dac88169112428da78f",
        "type": "github"
      }
    }
  },
  "root": "root",
  "version": 7
}
